// !$*UTF8*$!
{
	archiveVersion = 1;
	classes = {
	};
	objectVersion = 46;
	objects = {

/* Begin PBXBuildFile section */
		EEF968A8DCB7760AA81D58BF /* Pods_YHForm.framework in Frameworks */ = {isa = PBXBuildFile; fileRef = 89719F181340257434B98359 /* Pods_YHForm.framework */; };
		F8FD4F621E13794A00252324 /* AppDelegate.m in Sources */ = {isa = PBXBuildFile; fileRef = F8FD4F581E13794A00252324 /* AppDelegate.m */; };
		F8FD4F631E13794A00252324 /* Assets.xcassets in Resources */ = {isa = PBXBuildFile; fileRef = F8FD4F591E13794A00252324 /* Assets.xcassets */; };
		F8FD4F641E13794A00252324 /* LaunchScreen.storyboard in Resources */ = {isa = PBXBuildFile; fileRef = F8FD4F5A1E13794A00252324 /* LaunchScreen.storyboard */; };
		F8FD4F661E13794A00252324 /* Info.plist in Resources */ = {isa = PBXBuildFile; fileRef = F8FD4F5E1E13794A00252324 /* Info.plist */; };
		F8FD4F671E13794A00252324 /* main.m in Sources */ = {isa = PBXBuildFile; fileRef = F8FD4F5F1E13794A00252324 /* main.m */; };
		F8FD4F681E13794A00252324 /* ViewController.m in Sources */ = {isa = PBXBuildFile; fileRef = F8FD4F611E13794A00252324 /* ViewController.m */; };
		F8FD4F6B1E137A2000252324 /* TestVC.m in Sources */ = {isa = PBXBuildFile; fileRef = F8FD4F6A1E137A2000252324 /* TestVC.m */; };
		F8FD4F6F1E137A2F00252324 /* req.json in Resources */ = {isa = PBXBuildFile; fileRef = F8FD4F6C1E137A2E00252324 /* req.json */; };
		F8FD4F701E137A2F00252324 /* test.json in Resources */ = {isa = PBXBuildFile; fileRef = F8FD4F6D1E137A2F00252324 /* test.json */; };
		F8FD4F711E137A2F00252324 /* Test.plist in Resources */ = {isa = PBXBuildFile; fileRef = F8FD4F6E1E137A2F00252324 /* Test.plist */; };
		F8FD4FEF1E137A4F00252324 /* YHFormCellTypeConst.m in Sources */ = {isa = PBXBuildFile; fileRef = F8FD4F761E137A4F00252324 /* YHFormCellTypeConst.m */; };
		F8FD4FF01E137A4F00252324 /* YHFormColor.m in Sources */ = {isa = PBXBuildFile; fileRef = F8FD4F781E137A4F00252324 /* YHFormColor.m */; };
		F8FD4FF11E137A4F00252324 /* YHFormConfig.m in Sources */ = {isa = PBXBuildFile; fileRef = F8FD4F7A1E137A4F00252324 /* YHFormConfig.m */; };
		F8FD4FF21E137A4F00252324 /* YHFormFont.m in Sources */ = {isa = PBXBuildFile; fileRef = F8FD4F7C1E137A4F00252324 /* YHFormFont.m */; };
		F8FD4FF31E137A4F00252324 /* YHFormUI.m in Sources */ = {isa = PBXBuildFile; fileRef = F8FD4F7E1E137A4F00252324 /* YHFormUI.m */; };
		F8FD4FF41E137A4F00252324 /* YHFormCheckValid.m in Sources */ = {isa = PBXBuildFile; fileRef = F8FD4F841E137A4F00252324 /* YHFormCheckValid.m */; };
		F8FD4FF51E137A4F00252324 /* YHFormFormat.m in Sources */ = {isa = PBXBuildFile; fileRef = F8FD4F861E137A4F00252324 /* YHFormFormat.m */; };
		F8FD4FF61E137A4F00252324 /* YHFormIDCard.m in Sources */ = {isa = PBXBuildFile; fileRef = F8FD4F881E137A4F00252324 /* YHFormIDCard.m */; };
		F8FD4FF71E137A4F00252324 /* YHFormRequestFormat.m in Sources */ = {isa = PBXBuildFile; fileRef = F8FD4F8A1E137A4F00252324 /* YHFormRequestFormat.m */; };
		F8FD4FF81E137A4F00252324 /* YHFormValueFormat.m in Sources */ = {isa = PBXBuildFile; fileRef = F8FD4F8C1E137A4F00252324 /* YHFormValueFormat.m */; };
		F8FD4FF91E137A4F00252324 /* YHFormData.m in Sources */ = {isa = PBXBuildFile; fileRef = F8FD4F8F1E137A4F00252324 /* YHFormData.m */; };
		F8FD4FFA1E137A4F00252324 /* YHFormRow.m in Sources */ = {isa = PBXBuildFile; fileRef = F8FD4F921E137A4F00252324 /* YHFormRow.m */; };
		F8FD4FFB1E137A4F00252324 /* YHFormSection.m in Sources */ = {isa = PBXBuildFile; fileRef = F8FD4F941E137A4F00252324 /* YHFormSection.m */; };
		F8FD4FFC1E137A4F00252324 /* YHFormSectionFooter.m in Sources */ = {isa = PBXBuildFile; fileRef = F8FD4F961E137A4F00252324 /* YHFormSectionFooter.m */; };
		F8FD4FFD1E137A4F00252324 /* YHFormSectionHeader.m in Sources */ = {isa = PBXBuildFile; fileRef = F8FD4F981E137A4F00252324 /* YHFormSectionHeader.m */; };
		F8FD4FFE1E137A4F00252324 /* YHFormSelector.m in Sources */ = {isa = PBXBuildFile; fileRef = F8FD4F9A1E137A4F00252324 /* YHFormSelector.m */; };
		F8FD4FFF1E137A4F00252324 /* YHFormTable.m in Sources */ = {isa = PBXBuildFile; fileRef = F8FD4F9C1E137A4F00252324 /* YHFormTable.m */; };
		F8FD50001E137A4F00252324 /* YHFormTableFooter.m in Sources */ = {isa = PBXBuildFile; fileRef = F8FD4F9E1E137A4F00252324 /* YHFormTableFooter.m */; };
		F8FD50011E137A4F00252324 /* YHFormTableHeader.m in Sources */ = {isa = PBXBuildFile; fileRef = F8FD4FA01E137A4F00252324 /* YHFormTableHeader.m */; };
		F8FD50021E137A4F00252324 /* YHForm.bundle in Resources */ = {isa = PBXBuildFile; fileRef = F8FD4FA21E137A4F00252324 /* YHForm.bundle */; };
		F8FD50031E137A4F00252324 /* NSBundle+YHForm.m in Sources */ = {isa = PBXBuildFile; fileRef = F8FD4FA51E137A4F00252324 /* NSBundle+YHForm.m */; };
		F8FD50041E137A4F00252324 /* UITableView+YHForm.m in Sources */ = {isa = PBXBuildFile; fileRef = F8FD4FA71E137A4F00252324 /* UITableView+YHForm.m */; };
		F8FD50051E137A4F00252324 /* YHFormDate.m in Sources */ = {isa = PBXBuildFile; fileRef = F8FD4FA91E137A4F00252324 /* YHFormDate.m */; };
		F8FD50061E137A4F00252324 /* YHFormString.m in Sources */ = {isa = PBXBuildFile; fileRef = F8FD4FAB1E137A4F00252324 /* YHFormString.m */; };
		F8FD50071E137A4F00252324 /* YHFormVC.m in Sources */ = {isa = PBXBuildFile; fileRef = F8FD4FAE1E137A4F00252324 /* YHFormVC.m */; };
		F8FD50081E137A4F00252324 /* YHFormButton.m in Sources */ = {isa = PBXBuildFile; fileRef = F8FD4FB11E137A4F00252324 /* YHFormButton.m */; };
		F8FD50091E137A4F00252324 /* YHFormAddressPickerCell.m in Sources */ = {isa = PBXBuildFile; fileRef = F8FD4FB41E137A4F00252324 /* YHFormAddressPickerCell.m */; };
		F8FD500A1E137A4F00252324 /* YHFormCell.m in Sources */ = {isa = PBXBuildFile; fileRef = F8FD4FB61E137A4F00252324 /* YHFormCell.m */; };
		F8FD500B1E137A4F00252324 /* YHFormDateCell.m in Sources */ = {isa = PBXBuildFile; fileRef = F8FD4FB81E137A4F00252324 /* YHFormDateCell.m */; };
		F8FD500C1E137A4F00252324 /* YHFormIDCardValidDateCell.m in Sources */ = {isa = PBXBuildFile; fileRef = F8FD4FBA1E137A4F00252324 /* YHFormIDCardValidDateCell.m */; };
		F8FD500D1E137A4F00252324 /* YHFormRelationshipCell.m in Sources */ = {isa = PBXBuildFile; fileRef = F8FD4FBC1E137A4F00252324 /* YHFormRelationshipCell.m */; };
		F8FD500E1E137A4F00252324 /* YHFormSegmentCell.m in Sources */ = {isa = PBXBuildFile; fileRef = F8FD4FBE1E137A4F00252324 /* YHFormSegmentCell.m */; };
		F8FD500F1E137A4F00252324 /* YHFormSelectorButtonCell.m in Sources */ = {isa = PBXBuildFile; fileRef = F8FD4FC01E137A4F00252324 /* YHFormSelectorButtonCell.m */; };
		F8FD50101E137A4F00252324 /* YHFormSelectorCell.m in Sources */ = {isa = PBXBuildFile; fileRef = F8FD4FC21E137A4F00252324 /* YHFormSelectorCell.m */; };
		F8FD50111E137A4F00252324 /* YHFormSwitchCell.m in Sources */ = {isa = PBXBuildFile; fileRef = F8FD4FC41E137A4F00252324 /* YHFormSwitchCell.m */; };
		F8FD50121E137A4F00252324 /* YHFormTextCell.m in Sources */ = {isa = PBXBuildFile; fileRef = F8FD4FC61E137A4F00252324 /* YHFormTextCell.m */; };
		F8FD50131E137A4F00252324 /* YHFormTitleCell.m in Sources */ = {isa = PBXBuildFile; fileRef = F8FD4FC81E137A4F00252324 /* YHFormTitleCell.m */; };
		F8FD50141E137A4F00252324 /* YHFormTitleDetailCell.m in Sources */ = {isa = PBXBuildFile; fileRef = F8FD4FCA1E137A4F00252324 /* YHFormTitleDetailCell.m */; };
		F8FD50151E137A4F00252324 /* YHFormTitleTextCell.m in Sources */ = {isa = PBXBuildFile; fileRef = F8FD4FCC1E137A4F00252324 /* YHFormTitleTextCell.m */; };
		F8FD50161E137A4F00252324 /* YHFormAddressPicker.m in Sources */ = {isa = PBXBuildFile; fileRef = F8FD4FCF1E137A4F00252324 /* YHFormAddressPicker.m */; };
		F8FD50171E137A4F00252324 /* YHFormDatePicker.m in Sources */ = {isa = PBXBuildFile; fileRef = F8FD4FD11E137A4F00252324 /* YHFormDatePicker.m */; };
		F8FD50181E137A4F00252324 /* YHFormIDCardValidDatePicker.m in Sources */ = {isa = PBXBuildFile; fileRef = F8FD4FD31E137A4F00252324 /* YHFormIDCardValidDatePicker.m */; };
		F8FD50191E137A4F00252324 /* YHFormPickerCell.m in Sources */ = {isa = PBXBuildFile; fileRef = F8FD4FD51E137A4F00252324 /* YHFormPickerCell.m */; };
		F8FD501A1E137A4F00252324 /* YHFormPickerScrollView.m in Sources */ = {isa = PBXBuildFile; fileRef = F8FD4FD71E137A4F00252324 /* YHFormPickerScrollView.m */; };
		F8FD501B1E137A4F00252324 /* YHFormPickerView.m in Sources */ = {isa = PBXBuildFile; fileRef = F8FD4FD91E137A4F00252324 /* YHFormPickerView.m */; };
		F8FD501C1E137A4F00252324 /* YHFormRelationshipPicker.m in Sources */ = {isa = PBXBuildFile; fileRef = F8FD4FDB1E137A4F00252324 /* YHFormRelationshipPicker.m */; };
		F8FD501D1E137A4F00252324 /* YHFormTitleView.m in Sources */ = {isa = PBXBuildFile; fileRef = F8FD4FDD1E137A4F00252324 /* YHFormTitleView.m */; };
		F8FD501E1E137A4F00252324 /* YHFormFooterView.m in Sources */ = {isa = PBXBuildFile; fileRef = F8FD4FE01E137A4F00252324 /* YHFormFooterView.m */; };
		F8FD501F1E137A4F00252324 /* YHFormHeaderView.m in Sources */ = {isa = PBXBuildFile; fileRef = F8FD4FE31E137A4F00252324 /* YHFormHeaderView.m */; };
		F8FD50201E137A4F00252324 /* YHFormScrollView.m in Sources */ = {isa = PBXBuildFile; fileRef = F8FD4FE51E137A4F00252324 /* YHFormScrollView.m */; };
		F8FD50211E137A4F00252324 /* YHFormSectionFooterView.m in Sources */ = {isa = PBXBuildFile; fileRef = F8FD4FE81E137A4F00252324 /* YHFormSectionFooterView.m */; };
		F8FD50221E137A4F00252324 /* YHFormSectionHeaderView.m in Sources */ = {isa = PBXBuildFile; fileRef = F8FD4FEB1E137A4F00252324 /* YHFormSectionHeaderView.m */; };
		F8FD50231E137A4F00252324 /* YHFormTableView.m in Sources */ = {isa = PBXBuildFile; fileRef = F8FD4FED1E137A4F00252324 /* YHFormTableView.m */; };
		F8FD50251E137A6400252324 /* Podfile in Resources */ = {isa = PBXBuildFile; fileRef = F8FD50241E137A6400252324 /* Podfile */; };
/* End PBXBuildFile section */

/* Begin PBXFileReference section */
		2CF32E5156742370DE3596DA /* Pods-YHForm.release.xcconfig */ = {isa = PBXFileReference; includeInIndex = 1; lastKnownFileType = text.xcconfig; name = "Pods-YHForm.release.xcconfig"; path = "Pods/Target Support Files/Pods-YHForm/Pods-YHForm.release.xcconfig"; sourceTree = "<group>"; };
		89719F181340257434B98359 /* Pods_YHForm.framework */ = {isa = PBXFileReference; explicitFileType = wrapper.framework; includeInIndex = 0; path = Pods_YHForm.framework; sourceTree = BUILT_PRODUCTS_DIR; };
		C9A803E6C4F6FD50FF4A3B31 /* Pods-YHForm.debug.xcconfig */ = {isa = PBXFileReference; includeInIndex = 1; lastKnownFileType = text.xcconfig; name = "Pods-YHForm.debug.xcconfig"; path = "Pods/Target Support Files/Pods-YHForm/Pods-YHForm.debug.xcconfig"; sourceTree = "<group>"; };
		F8FD4F3C1E1378FB00252324 /* YHForm.app */ = {isa = PBXFileReference; explicitFileType = wrapper.application; includeInIndex = 0; path = YHForm.app; sourceTree = BUILT_PRODUCTS_DIR; };
		F8FD4F571E13794A00252324 /* AppDelegate.h */ = {isa = PBXFileReference; fileEncoding = 4; lastKnownFileType = sourcecode.c.h; path = AppDelegate.h; sourceTree = "<group>"; };
		F8FD4F581E13794A00252324 /* AppDelegate.m */ = {isa = PBXFileReference; fileEncoding = 4; lastKnownFileType = sourcecode.c.objc; path = AppDelegate.m; sourceTree = "<group>"; };
		F8FD4F591E13794A00252324 /* Assets.xcassets */ = {isa = PBXFileReference; lastKnownFileType = folder.assetcatalog; path = Assets.xcassets; sourceTree = "<group>"; };
		F8FD4F5B1E13794A00252324 /* Base */ = {isa = PBXFileReference; lastKnownFileType = file.storyboard; name = Base; path = Base.lproj/LaunchScreen.storyboard; sourceTree = "<group>"; };
		F8FD4F5E1E13794A00252324 /* Info.plist */ = {isa = PBXFileReference; fileEncoding = 4; lastKnownFileType = text.plist.xml; path = Info.plist; sourceTree = "<group>"; };
		F8FD4F5F1E13794A00252324 /* main.m */ = {isa = PBXFileReference; fileEncoding = 4; lastKnownFileType = sourcecode.c.objc; path = main.m; sourceTree = "<group>"; };
		F8FD4F601E13794A00252324 /* ViewController.h */ = {isa = PBXFileReference; fileEncoding = 4; lastKnownFileType = sourcecode.c.h; path = ViewController.h; sourceTree = "<group>"; };
		F8FD4F611E13794A00252324 /* ViewController.m */ = {isa = PBXFileReference; fileEncoding = 4; lastKnownFileType = sourcecode.c.objc; path = ViewController.m; sourceTree = "<group>"; };
		F8FD4F691E137A2000252324 /* TestVC.h */ = {isa = PBXFileReference; fileEncoding = 4; lastKnownFileType = sourcecode.c.h; path = TestVC.h; sourceTree = "<group>"; };
		F8FD4F6A1E137A2000252324 /* TestVC.m */ = {isa = PBXFileReference; fileEncoding = 4; lastKnownFileType = sourcecode.c.objc; path = TestVC.m; sourceTree = "<group>"; };
		F8FD4F6C1E137A2E00252324 /* req.json */ = {isa = PBXFileReference; fileEncoding = 4; lastKnownFileType = text.json; path = req.json; sourceTree = "<group>"; };
		F8FD4F6D1E137A2F00252324 /* test.json */ = {isa = PBXFileReference; fileEncoding = 4; lastKnownFileType = text.json; path = test.json; sourceTree = "<group>"; };
		F8FD4F6E1E137A2F00252324 /* Test.plist */ = {isa = PBXFileReference; fileEncoding = 4; lastKnownFileType = text.plist.xml; path = Test.plist; sourceTree = "<group>"; };
		F8FD4F731E137A4F00252324 /* YHForm.h */ = {isa = PBXFileReference; fileEncoding = 4; lastKnownFileType = sourcecode.c.h; path = YHForm.h; sourceTree = "<group>"; };
		F8FD4F751E137A4F00252324 /* YHFormCellTypeConst.h */ = {isa = PBXFileReference; fileEncoding = 4; lastKnownFileType = sourcecode.c.h; path = YHFormCellTypeConst.h; sourceTree = "<group>"; };
		F8FD4F761E137A4F00252324 /* YHFormCellTypeConst.m */ = {isa = PBXFileReference; fileEncoding = 4; lastKnownFileType = sourcecode.c.objc; path = YHFormCellTypeConst.m; sourceTree = "<group>"; };
		F8FD4F771E137A4F00252324 /* YHFormColor.h */ = {isa = PBXFileReference; fileEncoding = 4; lastKnownFileType = sourcecode.c.h; path = YHFormColor.h; sourceTree = "<group>"; };
		F8FD4F781E137A4F00252324 /* YHFormColor.m */ = {isa = PBXFileReference; fileEncoding = 4; lastKnownFileType = sourcecode.c.objc; path = YHFormColor.m; sourceTree = "<group>"; };
		F8FD4F791E137A4F00252324 /* YHFormConfig.h */ = {isa = PBXFileReference; fileEncoding = 4; lastKnownFileType = sourcecode.c.h; path = YHFormConfig.h; sourceTree = "<group>"; };
		F8FD4F7A1E137A4F00252324 /* YHFormConfig.m */ = {isa = PBXFileReference; fileEncoding = 4; lastKnownFileType = sourcecode.c.objc; path = YHFormConfig.m; sourceTree = "<group>"; };
		F8FD4F7B1E137A4F00252324 /* YHFormFont.h */ = {isa = PBXFileReference; fileEncoding = 4; lastKnownFileType = sourcecode.c.h; path = YHFormFont.h; sourceTree = "<group>"; };
		F8FD4F7C1E137A4F00252324 /* YHFormFont.m */ = {isa = PBXFileReference; fileEncoding = 4; lastKnownFileType = sourcecode.c.objc; path = YHFormFont.m; sourceTree = "<group>"; };
		F8FD4F7D1E137A4F00252324 /* YHFormUI.h */ = {isa = PBXFileReference; fileEncoding = 4; lastKnownFileType = sourcecode.c.h; path = YHFormUI.h; sourceTree = "<group>"; };
		F8FD4F7E1E137A4F00252324 /* YHFormUI.m */ = {isa = PBXFileReference; fileEncoding = 4; lastKnownFileType = sourcecode.c.objc; path = YHFormUI.m; sourceTree = "<group>"; };
		F8FD4F801E137A4F00252324 /* YHFormDelegate.h */ = {isa = PBXFileReference; fileEncoding = 4; lastKnownFileType = sourcecode.c.h; path = YHFormDelegate.h; sourceTree = "<group>"; };
		F8FD4F811E137A4F00252324 /* YHFormTableDelegate.h */ = {isa = PBXFileReference; fileEncoding = 4; lastKnownFileType = sourcecode.c.h; path = YHFormTableDelegate.h; sourceTree = "<group>"; };
		F8FD4F831E137A4F00252324 /* YHFormCheckValid.h */ = {isa = PBXFileReference; fileEncoding = 4; lastKnownFileType = sourcecode.c.h; path = YHFormCheckValid.h; sourceTree = "<group>"; };
		F8FD4F841E137A4F00252324 /* YHFormCheckValid.m */ = {isa = PBXFileReference; fileEncoding = 4; lastKnownFileType = sourcecode.c.objc; path = YHFormCheckValid.m; sourceTree = "<group>"; };
		F8FD4F851E137A4F00252324 /* YHFormFormat.h */ = {isa = PBXFileReference; fileEncoding = 4; lastKnownFileType = sourcecode.c.h; path = YHFormFormat.h; sourceTree = "<group>"; };
		F8FD4F861E137A4F00252324 /* YHFormFormat.m */ = {isa = PBXFileReference; fileEncoding = 4; lastKnownFileType = sourcecode.c.objc; path = YHFormFormat.m; sourceTree = "<group>"; };
		F8FD4F871E137A4F00252324 /* YHFormIDCard.h */ = {isa = PBXFileReference; fileEncoding = 4; lastKnownFileType = sourcecode.c.h; path = YHFormIDCard.h; sourceTree = "<group>"; };
		F8FD4F881E137A4F00252324 /* YHFormIDCard.m */ = {isa = PBXFileReference; fileEncoding = 4; lastKnownFileType = sourcecode.c.objc; path = YHFormIDCard.m; sourceTree = "<group>"; };
		F8FD4F891E137A4F00252324 /* YHFormRequestFormat.h */ = {isa = PBXFileReference; fileEncoding = 4; lastKnownFileType = sourcecode.c.h; path = YHFormRequestFormat.h; sourceTree = "<group>"; };
		F8FD4F8A1E137A4F00252324 /* YHFormRequestFormat.m */ = {isa = PBXFileReference; fileEncoding = 4; lastKnownFileType = sourcecode.c.objc; path = YHFormRequestFormat.m; sourceTree = "<group>"; };
		F8FD4F8B1E137A4F00252324 /* YHFormValueFormat.h */ = {isa = PBXFileReference; fileEncoding = 4; lastKnownFileType = sourcecode.c.h; path = YHFormValueFormat.h; sourceTree = "<group>"; };
		F8FD4F8C1E137A4F00252324 /* YHFormValueFormat.m */ = {isa = PBXFileReference; fileEncoding = 4; lastKnownFileType = sourcecode.c.objc; path = YHFormValueFormat.m; sourceTree = "<group>"; };
		F8FD4F8E1E137A4F00252324 /* YHFormData.h */ = {isa = PBXFileReference; fileEncoding = 4; lastKnownFileType = sourcecode.c.h; path = YHFormData.h; sourceTree = "<group>"; };
		F8FD4F8F1E137A4F00252324 /* YHFormData.m */ = {isa = PBXFileReference; fileEncoding = 4; lastKnownFileType = sourcecode.c.objc; path = YHFormData.m; sourceTree = "<group>"; };
		F8FD4F901E137A4F00252324 /* YHFormModel.h */ = {isa = PBXFileReference; fileEncoding = 4; lastKnownFileType = sourcecode.c.h; path = YHFormModel.h; sourceTree = "<group>"; };
		F8FD4F911E137A4F00252324 /* YHFormRow.h */ = {isa = PBXFileReference; fileEncoding = 4; lastKnownFileType = sourcecode.c.h; path = YHFormRow.h; sourceTree = "<group>"; };
		F8FD4F921E137A4F00252324 /* YHFormRow.m */ = {isa = PBXFileReference; fileEncoding = 4; lastKnownFileType = sourcecode.c.objc; path = YHFormRow.m; sourceTree = "<group>"; };
		F8FD4F931E137A4F00252324 /* YHFormSection.h */ = {isa = PBXFileReference; fileEncoding = 4; lastKnownFileType = sourcecode.c.h; path = YHFormSection.h; sourceTree = "<group>"; };
		F8FD4F941E137A4F00252324 /* YHFormSection.m */ = {isa = PBXFileReference; fileEncoding = 4; lastKnownFileType = sourcecode.c.objc; path = YHFormSection.m; sourceTree = "<group>"; };
		F8FD4F951E137A4F00252324 /* YHFormSectionFooter.h */ = {isa = PBXFileReference; fileEncoding = 4; lastKnownFileType = sourcecode.c.h; path = YHFormSectionFooter.h; sourceTree = "<group>"; };
		F8FD4F961E137A4F00252324 /* YHFormSectionFooter.m */ = {isa = PBXFileReference; fileEncoding = 4; lastKnownFileType = sourcecode.c.objc; path = YHFormSectionFooter.m; sourceTree = "<group>"; };
		F8FD4F971E137A4F00252324 /* YHFormSectionHeader.h */ = {isa = PBXFileReference; fileEncoding = 4; lastKnownFileType = sourcecode.c.h; path = YHFormSectionHeader.h; sourceTree = "<group>"; };
		F8FD4F981E137A4F00252324 /* YHFormSectionHeader.m */ = {isa = PBXFileReference; fileEncoding = 4; lastKnownFileType = sourcecode.c.objc; path = YHFormSectionHeader.m; sourceTree = "<group>"; };
		F8FD4F991E137A4F00252324 /* YHFormSelector.h */ = {isa = PBXFileReference; fileEncoding = 4; lastKnownFileType = sourcecode.c.h; path = YHFormSelector.h; sourceTree = "<group>"; };
		F8FD4F9A1E137A4F00252324 /* YHFormSelector.m */ = {isa = PBXFileReference; fileEncoding = 4; lastKnownFileType = sourcecode.c.objc; path = YHFormSelector.m; sourceTree = "<group>"; };
		F8FD4F9B1E137A4F00252324 /* YHFormTable.h */ = {isa = PBXFileReference; fileEncoding = 4; lastKnownFileType = sourcecode.c.h; path = YHFormTable.h; sourceTree = "<group>"; };
		F8FD4F9C1E137A4F00252324 /* YHFormTable.m */ = {isa = PBXFileReference; fileEncoding = 4; lastKnownFileType = sourcecode.c.objc; path = YHFormTable.m; sourceTree = "<group>"; };
		F8FD4F9D1E137A4F00252324 /* YHFormTableFooter.h */ = {isa = PBXFileReference; fileEncoding = 4; lastKnownFileType = sourcecode.c.h; path = YHFormTableFooter.h; sourceTree = "<group>"; };
		F8FD4F9E1E137A4F00252324 /* YHFormTableFooter.m */ = {isa = PBXFileReference; fileEncoding = 4; lastKnownFileType = sourcecode.c.objc; path = YHFormTableFooter.m; sourceTree = "<group>"; };
		F8FD4F9F1E137A4F00252324 /* YHFormTableHeader.h */ = {isa = PBXFileReference; fileEncoding = 4; lastKnownFileType = sourcecode.c.h; path = YHFormTableHeader.h; sourceTree = "<group>"; };
		F8FD4FA01E137A4F00252324 /* YHFormTableHeader.m */ = {isa = PBXFileReference; fileEncoding = 4; lastKnownFileType = sourcecode.c.objc; path = YHFormTableHeader.m; sourceTree = "<group>"; };
		F8FD4FA21E137A4F00252324 /* YHForm.bundle */ = {isa = PBXFileReference; lastKnownFileType = "wrapper.plug-in"; path = YHForm.bundle; sourceTree = "<group>"; };
		F8FD4FA41E137A4F00252324 /* NSBundle+YHForm.h */ = {isa = PBXFileReference; fileEncoding = 4; lastKnownFileType = sourcecode.c.h; path = "NSBundle+YHForm.h"; sourceTree = "<group>"; };
		F8FD4FA51E137A4F00252324 /* NSBundle+YHForm.m */ = {isa = PBXFileReference; fileEncoding = 4; lastKnownFileType = sourcecode.c.objc; path = "NSBundle+YHForm.m"; sourceTree = "<group>"; };
		F8FD4FA61E137A4F00252324 /* UITableView+YHForm.h */ = {isa = PBXFileReference; fileEncoding = 4; lastKnownFileType = sourcecode.c.h; path = "UITableView+YHForm.h"; sourceTree = "<group>"; };
		F8FD4FA71E137A4F00252324 /* UITableView+YHForm.m */ = {isa = PBXFileReference; fileEncoding = 4; lastKnownFileType = sourcecode.c.objc; path = "UITableView+YHForm.m"; sourceTree = "<group>"; };
		F8FD4FA81E137A4F00252324 /* YHFormDate.h */ = {isa = PBXFileReference; fileEncoding = 4; lastKnownFileType = sourcecode.c.h; path = YHFormDate.h; sourceTree = "<group>"; };
		F8FD4FA91E137A4F00252324 /* YHFormDate.m */ = {isa = PBXFileReference; fileEncoding = 4; lastKnownFileType = sourcecode.c.objc; path = YHFormDate.m; sourceTree = "<group>"; };
		F8FD4FAA1E137A4F00252324 /* YHFormString.h */ = {isa = PBXFileReference; fileEncoding = 4; lastKnownFileType = sourcecode.c.h; path = YHFormString.h; sourceTree = "<group>"; };
		F8FD4FAB1E137A4F00252324 /* YHFormString.m */ = {isa = PBXFileReference; fileEncoding = 4; lastKnownFileType = sourcecode.c.objc; path = YHFormString.m; sourceTree = "<group>"; };
		F8FD4FAC1E137A4F00252324 /* YHFormTools.h */ = {isa = PBXFileReference; fileEncoding = 4; lastKnownFileType = sourcecode.c.h; path = YHFormTools.h; sourceTree = "<group>"; };
		F8FD4FAD1E137A4F00252324 /* YHFormVC.h */ = {isa = PBXFileReference; fileEncoding = 4; lastKnownFileType = sourcecode.c.h; path = YHFormVC.h; sourceTree = "<group>"; };
		F8FD4FAE1E137A4F00252324 /* YHFormVC.m */ = {isa = PBXFileReference; fileEncoding = 4; lastKnownFileType = sourcecode.c.objc; path = YHFormVC.m; sourceTree = "<group>"; };
		F8FD4FB01E137A4F00252324 /* YHFormButton.h */ = {isa = PBXFileReference; fileEncoding = 4; lastKnownFileType = sourcecode.c.h; path = YHFormButton.h; sourceTree = "<group>"; };
		F8FD4FB11E137A4F00252324 /* YHFormButton.m */ = {isa = PBXFileReference; fileEncoding = 4; lastKnownFileType = sourcecode.c.objc; path = YHFormButton.m; sourceTree = "<group>"; };
		F8FD4FB31E137A4F00252324 /* YHFormAddressPickerCell.h */ = {isa = PBXFileReference; fileEncoding = 4; lastKnownFileType = sourcecode.c.h; path = YHFormAddressPickerCell.h; sourceTree = "<group>"; };
		F8FD4FB41E137A4F00252324 /* YHFormAddressPickerCell.m */ = {isa = PBXFileReference; fileEncoding = 4; lastKnownFileType = sourcecode.c.objc; path = YHFormAddressPickerCell.m; sourceTree = "<group>"; };
		F8FD4FB51E137A4F00252324 /* YHFormCell.h */ = {isa = PBXFileReference; fileEncoding = 4; lastKnownFileType = sourcecode.c.h; path = YHFormCell.h; sourceTree = "<group>"; };
		F8FD4FB61E137A4F00252324 /* YHFormCell.m */ = {isa = PBXFileReference; fileEncoding = 4; lastKnownFileType = sourcecode.c.objc; path = YHFormCell.m; sourceTree = "<group>"; };
		F8FD4FB71E137A4F00252324 /* YHFormDateCell.h */ = {isa = PBXFileReference; fileEncoding = 4; lastKnownFileType = sourcecode.c.h; path = YHFormDateCell.h; sourceTree = "<group>"; };
		F8FD4FB81E137A4F00252324 /* YHFormDateCell.m */ = {isa = PBXFileReference; fileEncoding = 4; lastKnownFileType = sourcecode.c.objc; path = YHFormDateCell.m; sourceTree = "<group>"; };
		F8FD4FB91E137A4F00252324 /* YHFormIDCardValidDateCell.h */ = {isa = PBXFileReference; fileEncoding = 4; lastKnownFileType = sourcecode.c.h; path = YHFormIDCardValidDateCell.h; sourceTree = "<group>"; };
		F8FD4FBA1E137A4F00252324 /* YHFormIDCardValidDateCell.m */ = {isa = PBXFileReference; fileEncoding = 4; lastKnownFileType = sourcecode.c.objc; path = YHFormIDCardValidDateCell.m; sourceTree = "<group>"; };
		F8FD4FBB1E137A4F00252324 /* YHFormRelationshipCell.h */ = {isa = PBXFileReference; fileEncoding = 4; lastKnownFileType = sourcecode.c.h; path = YHFormRelationshipCell.h; sourceTree = "<group>"; };
		F8FD4FBC1E137A4F00252324 /* YHFormRelationshipCell.m */ = {isa = PBXFileReference; fileEncoding = 4; lastKnownFileType = sourcecode.c.objc; path = YHFormRelationshipCell.m; sourceTree = "<group>"; };
		F8FD4FBD1E137A4F00252324 /* YHFormSegmentCell.h */ = {isa = PBXFileReference; fileEncoding = 4; lastKnownFileType = sourcecode.c.h; path = YHFormSegmentCell.h; sourceTree = "<group>"; };
		F8FD4FBE1E137A4F00252324 /* YHFormSegmentCell.m */ = {isa = PBXFileReference; fileEncoding = 4; lastKnownFileType = sourcecode.c.objc; path = YHFormSegmentCell.m; sourceTree = "<group>"; };
		F8FD4FBF1E137A4F00252324 /* YHFormSelectorButtonCell.h */ = {isa = PBXFileReference; fileEncoding = 4; lastKnownFileType = sourcecode.c.h; path = YHFormSelectorButtonCell.h; sourceTree = "<group>"; };
		F8FD4FC01E137A4F00252324 /* YHFormSelectorButtonCell.m */ = {isa = PBXFileReference; fileEncoding = 4; lastKnownFileType = sourcecode.c.objc; path = YHFormSelectorButtonCell.m; sourceTree = "<group>"; };
		F8FD4FC11E137A4F00252324 /* YHFormSelectorCell.h */ = {isa = PBXFileReference; fileEncoding = 4; lastKnownFileType = sourcecode.c.h; path = YHFormSelectorCell.h; sourceTree = "<group>"; };
		F8FD4FC21E137A4F00252324 /* YHFormSelectorCell.m */ = {isa = PBXFileReference; fileEncoding = 4; lastKnownFileType = sourcecode.c.objc; path = YHFormSelectorCell.m; sourceTree = "<group>"; };
		F8FD4FC31E137A4F00252324 /* YHFormSwitchCell.h */ = {isa = PBXFileReference; fileEncoding = 4; lastKnownFileType = sourcecode.c.h; path = YHFormSwitchCell.h; sourceTree = "<group>"; };
		F8FD4FC41E137A4F00252324 /* YHFormSwitchCell.m */ = {isa = PBXFileReference; fileEncoding = 4; lastKnownFileType = sourcecode.c.objc; path = YHFormSwitchCell.m; sourceTree = "<group>"; };
		F8FD4FC51E137A4F00252324 /* YHFormTextCell.h */ = {isa = PBXFileReference; fileEncoding = 4; lastKnownFileType = sourcecode.c.h; path = YHFormTextCell.h; sourceTree = "<group>"; };
		F8FD4FC61E137A4F00252324 /* YHFormTextCell.m */ = {isa = PBXFileReference; fileEncoding = 4; lastKnownFileType = sourcecode.c.objc; path = YHFormTextCell.m; sourceTree = "<group>"; };
		F8FD4FC71E137A4F00252324 /* YHFormTitleCell.h */ = {isa = PBXFileReference; fileEncoding = 4; lastKnownFileType = sourcecode.c.h; path = YHFormTitleCell.h; sourceTree = "<group>"; };
		F8FD4FC81E137A4F00252324 /* YHFormTitleCell.m */ = {isa = PBXFileReference; fileEncoding = 4; lastKnownFileType = sourcecode.c.objc; path = YHFormTitleCell.m; sourceTree = "<group>"; };
		F8FD4FC91E137A4F00252324 /* YHFormTitleDetailCell.h */ = {isa = PBXFileReference; fileEncoding = 4; lastKnownFileType = sourcecode.c.h; path = YHFormTitleDetailCell.h; sourceTree = "<group>"; };
		F8FD4FCA1E137A4F00252324 /* YHFormTitleDetailCell.m */ = {isa = PBXFileReference; fileEncoding = 4; lastKnownFileType = sourcecode.c.objc; path = YHFormTitleDetailCell.m; sourceTree = "<group>"; };
		F8FD4FCB1E137A4F00252324 /* YHFormTitleTextCell.h */ = {isa = PBXFileReference; fileEncoding = 4; lastKnownFileType = sourcecode.c.h; path = YHFormTitleTextCell.h; sourceTree = "<group>"; };
		F8FD4FCC1E137A4F00252324 /* YHFormTitleTextCell.m */ = {isa = PBXFileReference; fileEncoding = 4; lastKnownFileType = sourcecode.c.objc; path = YHFormTitleTextCell.m; sourceTree = "<group>"; };
		F8FD4FCE1E137A4F00252324 /* YHFormAddressPicker.h */ = {isa = PBXFileReference; fileEncoding = 4; lastKnownFileType = sourcecode.c.h; path = YHFormAddressPicker.h; sourceTree = "<group>"; };
		F8FD4FCF1E137A4F00252324 /* YHFormAddressPicker.m */ = {isa = PBXFileReference; fileEncoding = 4; lastKnownFileType = sourcecode.c.objc; path = YHFormAddressPicker.m; sourceTree = "<group>"; };
		F8FD4FD01E137A4F00252324 /* YHFormDatePicker.h */ = {isa = PBXFileReference; fileEncoding = 4; lastKnownFileType = sourcecode.c.h; path = YHFormDatePicker.h; sourceTree = "<group>"; };
		F8FD4FD11E137A4F00252324 /* YHFormDatePicker.m */ = {isa = PBXFileReference; fileEncoding = 4; lastKnownFileType = sourcecode.c.objc; path = YHFormDatePicker.m; sourceTree = "<group>"; };
		F8FD4FD21E137A4F00252324 /* YHFormIDCardValidDatePicker.h */ = {isa = PBXFileReference; fileEncoding = 4; lastKnownFileType = sourcecode.c.h; path = YHFormIDCardValidDatePicker.h; sourceTree = "<group>"; };
		F8FD4FD31E137A4F00252324 /* YHFormIDCardValidDatePicker.m */ = {isa = PBXFileReference; fileEncoding = 4; lastKnownFileType = sourcecode.c.objc; path = YHFormIDCardValidDatePicker.m; sourceTree = "<group>"; };
		F8FD4FD41E137A4F00252324 /* YHFormPickerCell.h */ = {isa = PBXFileReference; fileEncoding = 4; lastKnownFileType = sourcecode.c.h; path = YHFormPickerCell.h; sourceTree = "<group>"; };
		F8FD4FD51E137A4F00252324 /* YHFormPickerCell.m */ = {isa = PBXFileReference; fileEncoding = 4; lastKnownFileType = sourcecode.c.objc; path = YHFormPickerCell.m; sourceTree = "<group>"; };
		F8FD4FD61E137A4F00252324 /* YHFormPickerScrollView.h */ = {isa = PBXFileReference; fileEncoding = 4; lastKnownFileType = sourcecode.c.h; path = YHFormPickerScrollView.h; sourceTree = "<group>"; };
		F8FD4FD71E137A4F00252324 /* YHFormPickerScrollView.m */ = {isa = PBXFileReference; fileEncoding = 4; lastKnownFileType = sourcecode.c.objc; path = YHFormPickerScrollView.m; sourceTree = "<group>"; };
		F8FD4FD81E137A4F00252324 /* YHFormPickerView.h */ = {isa = PBXFileReference; fileEncoding = 4; lastKnownFileType = sourcecode.c.h; path = YHFormPickerView.h; sourceTree = "<group>"; };
		F8FD4FD91E137A4F00252324 /* YHFormPickerView.m */ = {isa = PBXFileReference; fileEncoding = 4; lastKnownFileType = sourcecode.c.objc; path = YHFormPickerView.m; sourceTree = "<group>"; };
		F8FD4FDA1E137A4F00252324 /* YHFormRelationshipPicker.h */ = {isa = PBXFileReference; fileEncoding = 4; lastKnownFileType = sourcecode.c.h; path = YHFormRelationshipPicker.h; sourceTree = "<group>"; };
		F8FD4FDB1E137A4F00252324 /* YHFormRelationshipPicker.m */ = {isa = PBXFileReference; fileEncoding = 4; lastKnownFileType = sourcecode.c.objc; path = YHFormRelationshipPicker.m; sourceTree = "<group>"; };
		F8FD4FDC1E137A4F00252324 /* YHFormTitleView.h */ = {isa = PBXFileReference; fileEncoding = 4; lastKnownFileType = sourcecode.c.h; path = YHFormTitleView.h; sourceTree = "<group>"; };
		F8FD4FDD1E137A4F00252324 /* YHFormTitleView.m */ = {isa = PBXFileReference; fileEncoding = 4; lastKnownFileType = sourcecode.c.objc; path = YHFormTitleView.m; sourceTree = "<group>"; };
		F8FD4FDF1E137A4F00252324 /* YHFormFooterView.h */ = {isa = PBXFileReference; fileEncoding = 4; lastKnownFileType = sourcecode.c.h; path = YHFormFooterView.h; sourceTree = "<group>"; };
		F8FD4FE01E137A4F00252324 /* YHFormFooterView.m */ = {isa = PBXFileReference; fileEncoding = 4; lastKnownFileType = sourcecode.c.objc; path = YHFormFooterView.m; sourceTree = "<group>"; };
		F8FD4FE21E137A4F00252324 /* YHFormHeaderView.h */ = {isa = PBXFileReference; fileEncoding = 4; lastKnownFileType = sourcecode.c.h; path = YHFormHeaderView.h; sourceTree = "<group>"; };
		F8FD4FE31E137A4F00252324 /* YHFormHeaderView.m */ = {isa = PBXFileReference; fileEncoding = 4; lastKnownFileType = sourcecode.c.objc; path = YHFormHeaderView.m; sourceTree = "<group>"; };
		F8FD4FE41E137A4F00252324 /* YHFormScrollView.h */ = {isa = PBXFileReference; fileEncoding = 4; lastKnownFileType = sourcecode.c.h; path = YHFormScrollView.h; sourceTree = "<group>"; };
		F8FD4FE51E137A4F00252324 /* YHFormScrollView.m */ = {isa = PBXFileReference; fileEncoding = 4; lastKnownFileType = sourcecode.c.objc; path = YHFormScrollView.m; sourceTree = "<group>"; };
		F8FD4FE71E137A4F00252324 /* YHFormSectionFooterView.h */ = {isa = PBXFileReference; fileEncoding = 4; lastKnownFileType = sourcecode.c.h; path = YHFormSectionFooterView.h; sourceTree = "<group>"; };
		F8FD4FE81E137A4F00252324 /* YHFormSectionFooterView.m */ = {isa = PBXFileReference; fileEncoding = 4; lastKnownFileType = sourcecode.c.objc; path = YHFormSectionFooterView.m; sourceTree = "<group>"; };
		F8FD4FEA1E137A4F00252324 /* YHFormSectionHeaderView.h */ = {isa = PBXFileReference; fileEncoding = 4; lastKnownFileType = sourcecode.c.h; path = YHFormSectionHeaderView.h; sourceTree = "<group>"; };
		F8FD4FEB1E137A4F00252324 /* YHFormSectionHeaderView.m */ = {isa = PBXFileReference; fileEncoding = 4; lastKnownFileType = sourcecode.c.objc; path = YHFormSectionHeaderView.m; sourceTree = "<group>"; };
		F8FD4FEC1E137A4F00252324 /* YHFormTableView.h */ = {isa = PBXFileReference; fileEncoding = 4; lastKnownFileType = sourcecode.c.h; path = YHFormTableView.h; sourceTree = "<group>"; };
		F8FD4FED1E137A4F00252324 /* YHFormTableView.m */ = {isa = PBXFileReference; fileEncoding = 4; lastKnownFileType = sourcecode.c.objc; path = YHFormTableView.m; sourceTree = "<group>"; };
		F8FD4FEE1E137A4F00252324 /* YHFormView.h */ = {isa = PBXFileReference; fileEncoding = 4; lastKnownFileType = sourcecode.c.h; path = YHFormView.h; sourceTree = "<group>"; };
		F8FD50241E137A6400252324 /* Podfile */ = {isa = PBXFileReference; fileEncoding = 4; lastKnownFileType = text; path = Podfile; sourceTree = "<group>"; };
/* End PBXFileReference section */

/* Begin PBXFrameworksBuildPhase section */
		F8FD4F391E1378FB00252324 /* Frameworks */ = {
			isa = PBXFrameworksBuildPhase;
			buildActionMask = 2147483647;
			files = (
				EEF968A8DCB7760AA81D58BF /* Pods_YHForm.framework in Frameworks */,
			);
			runOnlyForDeploymentPostprocessing = 0;
		};
/* End PBXFrameworksBuildPhase section */

/* Begin PBXGroup section */
		87205FAE6BC058617A20013A /* Pods */ = {
			isa = PBXGroup;
			children = (
				C9A803E6C4F6FD50FF4A3B31 /* Pods-YHForm.debug.xcconfig */,
				2CF32E5156742370DE3596DA /* Pods-YHForm.release.xcconfig */,
			);
			name = Pods;
			sourceTree = "<group>";
		};
		9FBC427C24EC667EECBC3A28 /* Frameworks */ = {
			isa = PBXGroup;
			children = (
				89719F181340257434B98359 /* Pods_YHForm.framework */,
			);
			name = Frameworks;
			sourceTree = "<group>";
		};
		F8FD4F331E1378FA00252324 = {
			isa = PBXGroup;
			children = (
				F8FD50241E137A6400252324 /* Podfile */,
				F8FD4F721E137A4F00252324 /* YHForm */,
				F8FD4F561E13794A00252324 /* YHFormExample */,
				F8FD4F3D1E1378FB00252324 /* Products */,
				87205FAE6BC058617A20013A /* Pods */,
				9FBC427C24EC667EECBC3A28 /* Frameworks */,
			);
			sourceTree = "<group>";
		};
		F8FD4F3D1E1378FB00252324 /* Products */ = {
			isa = PBXGroup;
			children = (
				F8FD4F3C1E1378FB00252324 /* YHForm.app */,
			);
			name = Products;
			sourceTree = "<group>";
		};
		F8FD4F561E13794A00252324 /* YHFormExample */ = {
			isa = PBXGroup;
			children = (
				F8FD4F571E13794A00252324 /* AppDelegate.h */,
				F8FD4F581E13794A00252324 /* AppDelegate.m */,
				F8FD4F591E13794A00252324 /* Assets.xcassets */,
				F8FD4F5A1E13794A00252324 /* LaunchScreen.storyboard */,
				F8FD4F5E1E13794A00252324 /* Info.plist */,
				F8FD4F5F1E13794A00252324 /* main.m */,
				F8FD4F691E137A2000252324 /* TestVC.h */,
				F8FD4F6A1E137A2000252324 /* TestVC.m */,
				F8FD4F601E13794A00252324 /* ViewController.h */,
				F8FD4F611E13794A00252324 /* ViewController.m */,
				F8FD4F6C1E137A2E00252324 /* req.json */,
				F8FD4F6D1E137A2F00252324 /* test.json */,
				F8FD4F6E1E137A2F00252324 /* Test.plist */,
			);
			path = YHFormExample;
			sourceTree = "<group>";
		};
		F8FD4F721E137A4F00252324 /* YHForm */ = {
			isa = PBXGroup;
			children = (
				F8FD4F731E137A4F00252324 /* YHForm.h */,
				F8FD4F741E137A4F00252324 /* YHFormConfig */,
				F8FD4F7F1E137A4F00252324 /* YHFormDelegate */,
				F8FD4F821E137A4F00252324 /* YHFormFormat */,
				F8FD4F8D1E137A4F00252324 /* YHFormModel */,
				F8FD4FA11E137A4F00252324 /* YHFormResource */,
				F8FD4FA31E137A4F00252324 /* YHFormTools */,
				F8FD4FAD1E137A4F00252324 /* YHFormVC.h */,
				F8FD4FAE1E137A4F00252324 /* YHFormVC.m */,
				F8FD4FAF1E137A4F00252324 /* YHFormView */,
			);
			path = YHForm;
			sourceTree = "<group>";
		};
		F8FD4F741E137A4F00252324 /* YHFormConfig */ = {
			isa = PBXGroup;
			children = (
				F8FD4F751E137A4F00252324 /* YHFormCellTypeConst.h */,
				F8FD4F761E137A4F00252324 /* YHFormCellTypeConst.m */,
				F8FD4F771E137A4F00252324 /* YHFormColor.h */,
				F8FD4F781E137A4F00252324 /* YHFormColor.m */,
				F8FD4F791E137A4F00252324 /* YHFormConfig.h */,
				F8FD4F7A1E137A4F00252324 /* YHFormConfig.m */,
				F8FD4F7B1E137A4F00252324 /* YHFormFont.h */,
				F8FD4F7C1E137A4F00252324 /* YHFormFont.m */,
				F8FD4F7D1E137A4F00252324 /* YHFormUI.h */,
				F8FD4F7E1E137A4F00252324 /* YHFormUI.m */,
			);
			path = YHFormConfig;
			sourceTree = "<group>";
		};
		F8FD4F7F1E137A4F00252324 /* YHFormDelegate */ = {
			isa = PBXGroup;
			children = (
				F8FD4F801E137A4F00252324 /* YHFormDelegate.h */,
				F8FD4F811E137A4F00252324 /* YHFormTableDelegate.h */,
			);
			path = YHFormDelegate;
			sourceTree = "<group>";
		};
		F8FD4F821E137A4F00252324 /* YHFormFormat */ = {
			isa = PBXGroup;
			children = (
				F8FD4F831E137A4F00252324 /* YHFormCheckValid.h */,
				F8FD4F841E137A4F00252324 /* YHFormCheckValid.m */,
				F8FD4F851E137A4F00252324 /* YHFormFormat.h */,
				F8FD4F861E137A4F00252324 /* YHFormFormat.m */,
				F8FD4F871E137A4F00252324 /* YHFormIDCard.h */,
				F8FD4F881E137A4F00252324 /* YHFormIDCard.m */,
				F8FD4F891E137A4F00252324 /* YHFormRequestFormat.h */,
				F8FD4F8A1E137A4F00252324 /* YHFormRequestFormat.m */,
				F8FD4F8B1E137A4F00252324 /* YHFormValueFormat.h */,
				F8FD4F8C1E137A4F00252324 /* YHFormValueFormat.m */,
			);
			path = YHFormFormat;
			sourceTree = "<group>";
		};
		F8FD4F8D1E137A4F00252324 /* YHFormModel */ = {
			isa = PBXGroup;
			children = (
				F8FD4F8E1E137A4F00252324 /* YHFormData.h */,
				F8FD4F8F1E137A4F00252324 /* YHFormData.m */,
				F8FD4F901E137A4F00252324 /* YHFormModel.h */,
				F8FD4F911E137A4F00252324 /* YHFormRow.h */,
				F8FD4F921E137A4F00252324 /* YHFormRow.m */,
				F8FD4F931E137A4F00252324 /* YHFormSection.h */,
				F8FD4F941E137A4F00252324 /* YHFormSection.m */,
				F8FD4F951E137A4F00252324 /* YHFormSectionFooter.h */,
				F8FD4F961E137A4F00252324 /* YHFormSectionFooter.m */,
				F8FD4F971E137A4F00252324 /* YHFormSectionHeader.h */,
				F8FD4F981E137A4F00252324 /* YHFormSectionHeader.m */,
				F8FD4F991E137A4F00252324 /* YHFormSelector.h */,
				F8FD4F9A1E137A4F00252324 /* YHFormSelector.m */,
				F8FD4F9B1E137A4F00252324 /* YHFormTable.h */,
				F8FD4F9C1E137A4F00252324 /* YHFormTable.m */,
				F8FD4F9D1E137A4F00252324 /* YHFormTableFooter.h */,
				F8FD4F9E1E137A4F00252324 /* YHFormTableFooter.m */,
				F8FD4F9F1E137A4F00252324 /* YHFormTableHeader.h */,
				F8FD4FA01E137A4F00252324 /* YHFormTableHeader.m */,
			);
			path = YHFormModel;
			sourceTree = "<group>";
		};
		F8FD4FA11E137A4F00252324 /* YHFormResource */ = {
			isa = PBXGroup;
			children = (
				F8FD4FA21E137A4F00252324 /* YHForm.bundle */,
			);
			path = YHFormResource;
			sourceTree = "<group>";
		};
		F8FD4FA31E137A4F00252324 /* YHFormTools */ = {
			isa = PBXGroup;
			children = (
				F8FD4FA41E137A4F00252324 /* NSBundle+YHForm.h */,
				F8FD4FA51E137A4F00252324 /* NSBundle+YHForm.m */,
				F8FD4FA61E137A4F00252324 /* UITableView+YHForm.h */,
				F8FD4FA71E137A4F00252324 /* UITableView+YHForm.m */,
				F8FD4FA81E137A4F00252324 /* YHFormDate.h */,
				F8FD4FA91E137A4F00252324 /* YHFormDate.m */,
				F8FD4FAA1E137A4F00252324 /* YHFormString.h */,
				F8FD4FAB1E137A4F00252324 /* YHFormString.m */,
				F8FD4FAC1E137A4F00252324 /* YHFormTools.h */,
			);
			path = YHFormTools;
			sourceTree = "<group>";
		};
		F8FD4FAF1E137A4F00252324 /* YHFormView */ = {
			isa = PBXGroup;
			children = (
				F8FD4FB01E137A4F00252324 /* YHFormButton.h */,
				F8FD4FB11E137A4F00252324 /* YHFormButton.m */,
				F8FD4FB21E137A4F00252324 /* YHFormCell */,
				F8FD4FCD1E137A4F00252324 /* YHFormCustomView */,
				F8FD4FDE1E137A4F00252324 /* YHFormFooterView */,
				F8FD4FE11E137A4F00252324 /* YHFormHeaderView */,
				F8FD4FE41E137A4F00252324 /* YHFormScrollView.h */,
				F8FD4FE51E137A4F00252324 /* YHFormScrollView.m */,
				F8FD4FE61E137A4F00252324 /* YHFormSectionFooterView */,
				F8FD4FE91E137A4F00252324 /* YHFormSectionHeaderView */,
				F8FD4FEC1E137A4F00252324 /* YHFormTableView.h */,
				F8FD4FED1E137A4F00252324 /* YHFormTableView.m */,
				F8FD4FEE1E137A4F00252324 /* YHFormView.h */,
			);
			path = YHFormView;
			sourceTree = "<group>";
		};
		F8FD4FB21E137A4F00252324 /* YHFormCell */ = {
			isa = PBXGroup;
			children = (
				F8FD4FB31E137A4F00252324 /* YHFormAddressPickerCell.h */,
				F8FD4FB41E137A4F00252324 /* YHFormAddressPickerCell.m */,
				F8FD4FB51E137A4F00252324 /* YHFormCell.h */,
				F8FD4FB61E137A4F00252324 /* YHFormCell.m */,
				F8FD4FB71E137A4F00252324 /* YHFormDateCell.h */,
				F8FD4FB81E137A4F00252324 /* YHFormDateCell.m */,
				F8FD4FB91E137A4F00252324 /* YHFormIDCardValidDateCell.h */,
				F8FD4FBA1E137A4F00252324 /* YHFormIDCardValidDateCell.m */,
				F8FD4FBB1E137A4F00252324 /* YHFormRelationshipCell.h */,
				F8FD4FBC1E137A4F00252324 /* YHFormRelationshipCell.m */,
				F8FD4FBD1E137A4F00252324 /* YHFormSegmentCell.h */,
				F8FD4FBE1E137A4F00252324 /* YHFormSegmentCell.m */,
				F8FD4FBF1E137A4F00252324 /* YHFormSelectorButtonCell.h */,
				F8FD4FC01E137A4F00252324 /* YHFormSelectorButtonCell.m */,
				F8FD4FC11E137A4F00252324 /* YHFormSelectorCell.h */,
				F8FD4FC21E137A4F00252324 /* YHFormSelectorCell.m */,
				F8FD4FC31E137A4F00252324 /* YHFormSwitchCell.h */,
				F8FD4FC41E137A4F00252324 /* YHFormSwitchCell.m */,
				F8FD4FC51E137A4F00252324 /* YHFormTextCell.h */,
				F8FD4FC61E137A4F00252324 /* YHFormTextCell.m */,
				F8FD4FC71E137A4F00252324 /* YHFormTitleCell.h */,
				F8FD4FC81E137A4F00252324 /* YHFormTitleCell.m */,
				F8FD4FC91E137A4F00252324 /* YHFormTitleDetailCell.h */,
				F8FD4FCA1E137A4F00252324 /* YHFormTitleDetailCell.m */,
				F8FD4FCB1E137A4F00252324 /* YHFormTitleTextCell.h */,
				F8FD4FCC1E137A4F00252324 /* YHFormTitleTextCell.m */,
			);
			path = YHFormCell;
			sourceTree = "<group>";
		};
		F8FD4FCD1E137A4F00252324 /* YHFormCustomView */ = {
			isa = PBXGroup;
			children = (
				F8FD4FCE1E137A4F00252324 /* YHFormAddressPicker.h */,
				F8FD4FCF1E137A4F00252324 /* YHFormAddressPicker.m */,
				F8FD4FD01E137A4F00252324 /* YHFormDatePicker.h */,
				F8FD4FD11E137A4F00252324 /* YHFormDatePicker.m */,
				F8FD4FD21E137A4F00252324 /* YHFormIDCardValidDatePicker.h */,
				F8FD4FD31E137A4F00252324 /* YHFormIDCardValidDatePicker.m */,
				F8FD4FD41E137A4F00252324 /* YHFormPickerCell.h */,
				F8FD4FD51E137A4F00252324 /* YHFormPickerCell.m */,
				F8FD4FD61E137A4F00252324 /* YHFormPickerScrollView.h */,
				F8FD4FD71E137A4F00252324 /* YHFormPickerScrollView.m */,
				F8FD4FD81E137A4F00252324 /* YHFormPickerView.h */,
				F8FD4FD91E137A4F00252324 /* YHFormPickerView.m */,
				F8FD4FDA1E137A4F00252324 /* YHFormRelationshipPicker.h */,
				F8FD4FDB1E137A4F00252324 /* YHFormRelationshipPicker.m */,
				F8FD4FDC1E137A4F00252324 /* YHFormTitleView.h */,
				F8FD4FDD1E137A4F00252324 /* YHFormTitleView.m */,
			);
			path = YHFormCustomView;
			sourceTree = "<group>";
		};
		F8FD4FDE1E137A4F00252324 /* YHFormFooterView */ = {
			isa = PBXGroup;
			children = (
				F8FD4FDF1E137A4F00252324 /* YHFormFooterView.h */,
				F8FD4FE01E137A4F00252324 /* YHFormFooterView.m */,
			);
			path = YHFormFooterView;
			sourceTree = "<group>";
		};
		F8FD4FE11E137A4F00252324 /* YHFormHeaderView */ = {
			isa = PBXGroup;
			children = (
				F8FD4FE21E137A4F00252324 /* YHFormHeaderView.h */,
				F8FD4FE31E137A4F00252324 /* YHFormHeaderView.m */,
			);
			path = YHFormHeaderView;
			sourceTree = "<group>";
		};
		F8FD4FE61E137A4F00252324 /* YHFormSectionFooterView */ = {
			isa = PBXGroup;
			children = (
				F8FD4FE71E137A4F00252324 /* YHFormSectionFooterView.h */,
				F8FD4FE81E137A4F00252324 /* YHFormSectionFooterView.m */,
			);
			path = YHFormSectionFooterView;
			sourceTree = "<group>";
		};
		F8FD4FE91E137A4F00252324 /* YHFormSectionHeaderView */ = {
			isa = PBXGroup;
			children = (
				F8FD4FEA1E137A4F00252324 /* YHFormSectionHeaderView.h */,
				F8FD4FEB1E137A4F00252324 /* YHFormSectionHeaderView.m */,
			);
			path = YHFormSectionHeaderView;
			sourceTree = "<group>";
		};
/* End PBXGroup section */

/* Begin PBXNativeTarget section */
		F8FD4F3B1E1378FB00252324 /* YHForm */ = {
			isa = PBXNativeTarget;
			buildConfigurationList = F8FD4F531E1378FB00252324 /* Build configuration list for PBXNativeTarget "YHForm" */;
			buildPhases = (
				0B2D965F1A8AF2D3CDD971C8 /* [CP] Check Pods Manifest.lock */,
				F8FD4F381E1378FB00252324 /* Sources */,
				F8FD4F391E1378FB00252324 /* Frameworks */,
				F8FD4F3A1E1378FB00252324 /* Resources */,
				DAFD43D212C68E713C2E6E97 /* [CP] Embed Pods Frameworks */,
				F2428DCAB3D66508BF197A03 /* [CP] Copy Pods Resources */,
			);
			buildRules = (
			);
			dependencies = (
			);
			name = YHForm;
			productName = YHForm;
			productReference = F8FD4F3C1E1378FB00252324 /* YHForm.app */;
			productType = "com.apple.product-type.application";
		};
/* End PBXNativeTarget section */

/* Begin PBXProject section */
		F8FD4F341E1378FB00252324 /* Project object */ = {
			isa = PBXProject;
			attributes = {
				LastUpgradeCheck = 0800;
				ORGANIZATIONNAME = wyh;
				TargetAttributes = {
					F8FD4F3B1E1378FB00252324 = {
						CreatedOnToolsVersion = 8.0;
						ProvisioningStyle = Automatic;
					};
				};
			};
			buildConfigurationList = F8FD4F371E1378FB00252324 /* Build configuration list for PBXProject "YHForm" */;
			compatibilityVersion = "Xcode 3.2";
			developmentRegion = English;
			hasScannedForEncodings = 0;
			knownRegions = (
				en,
				Base,
			);
			mainGroup = F8FD4F331E1378FA00252324;
			productRefGroup = F8FD4F3D1E1378FB00252324 /* Products */;
			projectDirPath = "";
			projectRoot = "";
			targets = (
				F8FD4F3B1E1378FB00252324 /* YHForm */,
			);
		};
/* End PBXProject section */

/* Begin PBXResourcesBuildPhase section */
		F8FD4F3A1E1378FB00252324 /* Resources */ = {
			isa = PBXResourcesBuildPhase;
			buildActionMask = 2147483647;
			files = (
				F8FD4F661E13794A00252324 /* Info.plist in Resources */,
				F8FD50021E137A4F00252324 /* YHForm.bundle in Resources */,
				F8FD4F631E13794A00252324 /* Assets.xcassets in Resources */,
				F8FD4F711E137A2F00252324 /* Test.plist in Resources */,
				F8FD4F6F1E137A2F00252324 /* req.json in Resources */,
				F8FD50251E137A6400252324 /* Podfile in Resources */,
				F8FD4F641E13794A00252324 /* LaunchScreen.storyboard in Resources */,
				F8FD4F701E137A2F00252324 /* test.json in Resources */,
			);
			runOnlyForDeploymentPostprocessing = 0;
		};
/* End PBXResourcesBuildPhase section */

/* Begin PBXShellScriptBuildPhase section */
		0B2D965F1A8AF2D3CDD971C8 /* [CP] Check Pods Manifest.lock */ = {
			isa = PBXShellScriptBuildPhase;
			buildActionMask = 2147483647;
			files = (
			);
			inputPaths = (
			);
			name = "[CP] Check Pods Manifest.lock";
			outputPaths = (
			);
			runOnlyForDeploymentPostprocessing = 0;
			shellPath = /bin/sh;
			shellScript = "diff \"${PODS_ROOT}/../Podfile.lock\" \"${PODS_ROOT}/Manifest.lock\" > /dev/null\nif [[ $? != 0 ]] ; then\n    cat << EOM\nerror: The sandbox is not in sync with the Podfile.lock. Run 'pod install' or update your CocoaPods installation.\nEOM\n    exit 1\nfi\n";
			showEnvVarsInLog = 0;
		};
		DAFD43D212C68E713C2E6E97 /* [CP] Embed Pods Frameworks */ = {
			isa = PBXShellScriptBuildPhase;
			buildActionMask = 2147483647;
			files = (
			);
			inputPaths = (
			);
			name = "[CP] Embed Pods Frameworks";
			outputPaths = (
			);
			runOnlyForDeploymentPostprocessing = 0;
			shellPath = /bin/sh;
			shellScript = "\"${SRCROOT}/Pods/Target Support Files/Pods-YHForm/Pods-YHForm-frameworks.sh\"\n";
			showEnvVarsInLog = 0;
		};
		F2428DCAB3D66508BF197A03 /* [CP] Copy Pods Resources */ = {
			isa = PBXShellScriptBuildPhase;
			buildActionMask = 2147483647;
			files = (
			);
			inputPaths = (
			);
			name = "[CP] Copy Pods Resources";
			outputPaths = (
			);
			runOnlyForDeploymentPostprocessing = 0;
			shellPath = /bin/sh;
			shellScript = "\"${SRCROOT}/Pods/Target Support Files/Pods-YHForm/Pods-YHForm-resources.sh\"\n";
			showEnvVarsInLog = 0;
		};
/* End PBXShellScriptBuildPhase section */

/* Begin PBXSourcesBuildPhase section */
		F8FD4F381E1378FB00252324 /* Sources */ = {
			isa = PBXSourcesBuildPhase;
			buildActionMask = 2147483647;
			files = (
				F8FD50111E137A4F00252324 /* YHFormSwitchCell.m in Sources */,
				F8FD4FF91E137A4F00252324 /* YHFormData.m in Sources */,
				F8FD50151E137A4F00252324 /* YHFormTitleTextCell.m in Sources */,
				F8FD50161E137A4F00252324 /* YHFormAddressPicker.m in Sources */,
				F8FD4FEF1E137A4F00252324 /* YHFormCellTypeConst.m in Sources */,
				F8FD50131E137A4F00252324 /* YHFormTitleCell.m in Sources */,
				F8FD4FF11E137A4F00252324 /* YHFormConfig.m in Sources */,
				F8FD50101E137A4F00252324 /* YHFormSelectorCell.m in Sources */,
				F8FD50201E137A4F00252324 /* YHFormScrollView.m in Sources */,
				F8FD50011E137A4F00252324 /* YHFormTableHeader.m in Sources */,
				F8FD50221E137A4F00252324 /* YHFormSectionHeaderView.m in Sources */,
				F8FD50211E137A4F00252324 /* YHFormSectionFooterView.m in Sources */,
				F8FD50231E137A4F00252324 /* YHFormTableView.m in Sources */,
				F8FD4FFA1E137A4F00252324 /* YHFormRow.m in Sources */,
				F8FD4FF31E137A4F00252324 /* YHFormUI.m in Sources */,
				F8FD501B1E137A4F00252324 /* YHFormPickerView.m in Sources */,
				F8FD4FFE1E137A4F00252324 /* YHFormSelector.m in Sources */,
				F8FD50091E137A4F00252324 /* YHFormAddressPickerCell.m in Sources */,
				F8FD501A1E137A4F00252324 /* YHFormPickerScrollView.m in Sources */,
				F8FD50071E137A4F00252324 /* YHFormVC.m in Sources */,
				F8FD4F6B1E137A2000252324 /* TestVC.m in Sources */,
				F8FD50141E137A4F00252324 /* YHFormTitleDetailCell.m in Sources */,
				F8FD50051E137A4F00252324 /* YHFormDate.m in Sources */,
				F8FD500C1E137A4F00252324 /* YHFormIDCardValidDateCell.m in Sources */,
				F8FD4FFF1E137A4F00252324 /* YHFormTable.m in Sources */,
				F8FD4FF21E137A4F00252324 /* YHFormFont.m in Sources */,
				F8FD50121E137A4F00252324 /* YHFormTextCell.m in Sources */,
				F8FD4FF81E137A4F00252324 /* YHFormValueFormat.m in Sources */,
				F8FD501D1E137A4F00252324 /* YHFormTitleView.m in Sources */,
				F8FD50041E137A4F00252324 /* UITableView+YHForm.m in Sources */,
				F8FD501F1E137A4F00252324 /* YHFormHeaderView.m in Sources */,
				F8FD4FFB1E137A4F00252324 /* YHFormSection.m in Sources */,
				F8FD500E1E137A4F00252324 /* YHFormSegmentCell.m in Sources */,
				F8FD4F681E13794A00252324 /* ViewController.m in Sources */,
				F8FD50191E137A4F00252324 /* YHFormPickerCell.m in Sources */,
				F8FD50171E137A4F00252324 /* YHFormDatePicker.m in Sources */,
				F8FD4FFD1E137A4F00252324 /* YHFormSectionHeader.m in Sources */,
				F8FD4FF41E137A4F00252324 /* YHFormCheckValid.m in Sources */,
				F8FD501E1E137A4F00252324 /* YHFormFooterView.m in Sources */,
				F8FD50081E137A4F00252324 /* YHFormButton.m in Sources */,
				F8FD4F671E13794A00252324 /* main.m in Sources */,
				F8FD500A1E137A4F00252324 /* YHFormCell.m in Sources */,
				F8FD501C1E137A4F00252324 /* YHFormRelationshipPicker.m in Sources */,
				F8FD4FF01E137A4F00252324 /* YHFormColor.m in Sources */,
				F8FD4FF61E137A4F00252324 /* YHFormIDCard.m in Sources */,
				F8FD4FF51E137A4F00252324 /* YHFormFormat.m in Sources */,
				F8FD500F1E137A4F00252324 /* YHFormSelectorButtonCell.m in Sources */,
				F8FD50001E137A4F00252324 /* YHFormTableFooter.m in Sources */,
				F8FD50061E137A4F00252324 /* YHFormString.m in Sources */,
				F8FD4FFC1E137A4F00252324 /* YHFormSectionFooter.m in Sources */,
				F8FD50181E137A4F00252324 /* YHFormIDCardValidDatePicker.m in Sources */,
				F8FD4FF71E137A4F00252324 /* YHFormRequestFormat.m in Sources */,
				F8FD500D1E137A4F00252324 /* YHFormRelationshipCell.m in Sources */,
				F8FD4F621E13794A00252324 /* AppDelegate.m in Sources */,
				F8FD500B1E137A4F00252324 /* YHFormDateCell.m in Sources */,
				F8FD50031E137A4F00252324 /* NSBundle+YHForm.m in Sources */,
			);
			runOnlyForDeploymentPostprocessing = 0;
		};
/* End PBXSourcesBuildPhase section */

/* Begin PBXVariantGroup section */
		F8FD4F5A1E13794A00252324 /* LaunchScreen.storyboard */ = {
			isa = PBXVariantGroup;
			children = (
				F8FD4F5B1E13794A00252324 /* Base */,
			);
			name = LaunchScreen.storyboard;
			sourceTree = "<group>";
		};
/* End PBXVariantGroup section */

/* Begin XCBuildConfiguration section */
		F8FD4F511E1378FB00252324 /* Debug */ = {
			isa = XCBuildConfiguration;
			buildSettings = {
				ALWAYS_SEARCH_USER_PATHS = NO;
				CLANG_ANALYZER_NONNULL = YES;
				CLANG_CXX_LANGUAGE_STANDARD = "gnu++0x";
				CLANG_CXX_LIBRARY = "libc++";
				CLANG_ENABLE_MODULES = YES;
				CLANG_ENABLE_OBJC_ARC = YES;
				CLANG_WARN_BOOL_CONVERSION = YES;
				CLANG_WARN_CONSTANT_CONVERSION = YES;
				CLANG_WARN_DIRECT_OBJC_ISA_USAGE = YES_ERROR;
				CLANG_WARN_DOCUMENTATION_COMMENTS = YES;
				CLANG_WARN_EMPTY_BODY = YES;
				CLANG_WARN_ENUM_CONVERSION = YES;
				CLANG_WARN_INFINITE_RECURSION = YES;
				CLANG_WARN_INT_CONVERSION = YES;
				CLANG_WARN_OBJC_ROOT_CLASS = YES_ERROR;
				CLANG_WARN_SUSPICIOUS_MOVES = YES;
				CLANG_WARN_UNREACHABLE_CODE = YES;
				CLANG_WARN__DUPLICATE_METHOD_MATCH = YES;
				"CODE_SIGN_IDENTITY[sdk=iphoneos*]" = "iPhone Developer";
				COPY_PHASE_STRIP = NO;
				DEBUG_INFORMATION_FORMAT = dwarf;
				ENABLE_STRICT_OBJC_MSGSEND = YES;
				ENABLE_TESTABILITY = YES;
				GCC_C_LANGUAGE_STANDARD = gnu99;
				GCC_DYNAMIC_NO_PIC = NO;
				GCC_NO_COMMON_BLOCKS = YES;
				GCC_OPTIMIZATION_LEVEL = 0;
				GCC_PREPROCESSOR_DEFINITIONS = (
					"DEBUG=1",
					"$(inherited)",
				);
				GCC_WARN_64_TO_32_BIT_CONVERSION = YES;
				GCC_WARN_ABOUT_RETURN_TYPE = YES_ERROR;
				GCC_WARN_UNDECLARED_SELECTOR = YES;
				GCC_WARN_UNINITIALIZED_AUTOS = YES_AGGRESSIVE;
				GCC_WARN_UNUSED_FUNCTION = YES;
				GCC_WARN_UNUSED_VARIABLE = YES;
				IPHONEOS_DEPLOYMENT_TARGET = 10.0;
				MTL_ENABLE_DEBUG_INFO = YES;
				ONLY_ACTIVE_ARCH = YES;
				SDKROOT = iphoneos;
				TARGETED_DEVICE_FAMILY = "1,2";
			};
			name = Debug;
		};
		F8FD4F521E1378FB00252324 /* Release */ = {
			isa = XCBuildConfiguration;
			buildSettings = {
				ALWAYS_SEARCH_USER_PATHS = NO;
				CLANG_ANALYZER_NONNULL = YES;
				CLANG_CXX_LANGUAGE_STANDARD = "gnu++0x";
				CLANG_CXX_LIBRARY = "libc++";
				CLANG_ENABLE_MODULES = YES;
				CLANG_ENABLE_OBJC_ARC = YES;
				CLANG_WARN_BOOL_CONVERSION = YES;
				CLANG_WARN_CONSTANT_CONVERSION = YES;
				CLANG_WARN_DIRECT_OBJC_ISA_USAGE = YES_ERROR;
				CLANG_WARN_DOCUMENTATION_COMMENTS = YES;
				CLANG_WARN_EMPTY_BODY = YES;
				CLANG_WARN_ENUM_CONVERSION = YES;
				CLANG_WARN_INFINITE_RECURSION = YES;
				CLANG_WARN_INT_CONVERSION = YES;
				CLANG_WARN_OBJC_ROOT_CLASS = YES_ERROR;
				CLANG_WARN_SUSPICIOUS_MOVES = YES;
				CLANG_WARN_UNREACHABLE_CODE = YES;
				CLANG_WARN__DUPLICATE_METHOD_MATCH = YES;
				"CODE_SIGN_IDENTITY[sdk=iphoneos*]" = "iPhone Developer";
				COPY_PHASE_STRIP = NO;
				DEBUG_INFORMATION_FORMAT = "dwarf-with-dsym";
				ENABLE_NS_ASSERTIONS = NO;
				ENABLE_STRICT_OBJC_MSGSEND = YES;
				GCC_C_LANGUAGE_STANDARD = gnu99;
				GCC_NO_COMMON_BLOCKS = YES;
				GCC_WARN_64_TO_32_BIT_CONVERSION = YES;
				GCC_WARN_ABOUT_RETURN_TYPE = YES_ERROR;
				GCC_WARN_UNDECLARED_SELECTOR = YES;
				GCC_WARN_UNINITIALIZED_AUTOS = YES_AGGRESSIVE;
				GCC_WARN_UNUSED_FUNCTION = YES;
				GCC_WARN_UNUSED_VARIABLE = YES;
				IPHONEOS_DEPLOYMENT_TARGET = 10.0;
				MTL_ENABLE_DEBUG_INFO = NO;
				SDKROOT = iphoneos;
				TARGETED_DEVICE_FAMILY = "1,2";
				VALIDATE_PRODUCT = YES;
			};
			name = Release;
		};
		F8FD4F541E1378FB00252324 /* Debug */ = {
			isa = XCBuildConfiguration;
			baseConfigurationReference = C9A803E6C4F6FD50FF4A3B31 /* Pods-YHForm.debug.xcconfig */;
			buildSettings = {
				ASSETCATALOG_COMPILER_APPICON_NAME = AppIcon;
				INFOPLIST_FILE = YHFormExample/Info.plist;
				IPHONEOS_DEPLOYMENT_TARGET = 8.0;
				LD_RUNPATH_SEARCH_PATHS = "$(inherited) @executable_path/Frameworks";
				PRODUCT_BUNDLE_IDENTIFIER = com.wyh.YHForm;
				PRODUCT_NAME = "$(TARGET_NAME)";
			};
			name = Debug;
		};
		F8FD4F551E1378FB00252324 /* Release */ = {
			isa = XCBuildConfiguration;
			baseConfigurationReference = 2CF32E5156742370DE3596DA /* Pods-YHForm.release.xcconfig */;
			buildSettings = {
				ASSETCATALOG_COMPILER_APPICON_NAME = AppIcon;
				INFOPLIST_FILE = YHFormExample/Info.plist;
				IPHONEOS_DEPLOYMENT_TARGET = 8.0;
				LD_RUNPATH_SEARCH_PATHS = "$(inherited) @executable_path/Frameworks";
				PRODUCT_BUNDLE_IDENTIFIER = com.wyh.YHForm;
				PRODUCT_NAME = "$(TARGET_NAME)";
			};
			name = Release;
		};
/* End XCBuildConfiguration section */

/* Begin XCConfigurationList section */
		F8FD4F371E1378FB00252324 /* Build configuration list for PBXProject "YHForm" */ = {
			isa = XCConfigurationList;
			buildConfigurations = (
				F8FD4F511E1378FB00252324 /* Debug */,
				F8FD4F521E1378FB00252324 /* Release */,
			);
			defaultConfigurationIsVisible = 0;
			defaultConfigurationName = Release;
		};
		F8FD4F531E1378FB00252324 /* Build configuration list for PBXNativeTarget "YHForm" */ = {
			isa = XCConfigurationList;
			buildConfigurations = (
				F8FD4F541E1378FB00252324 /* Debug */,
				F8FD4F551E1378FB00252324 /* Release */,
			);
			defaultConfigurationIsVisible = 0;
			defaultConfigurationName = Release;
		};
/* End XCConfigurationList section */
	};
	rootObject = F8FD4F341E1378FB00252324 /* Project object */;
}
